{
  "requires": true,
  "lockfileVersion": 1,
  "dependencies": {
    "fs": {
      "version": "0.0.1-security",
      "resolved": "https://registry.npmjs.org/fs/-/fs-0.0.1-security.tgz",
      "integrity": "sha1-invTcYa23d84E/I4WLV+yq9eQdQ="
    },
    "node-audiorecorder": {
      "version": "2.2.0",
      "resolved": "https://registry.npmjs.org/node-audiorecorder/-/node-audiorecorder-2.2.0.tgz",
      "integrity": "sha512-JyBqAZ2b/N+yJFuR/bY0WqVw7wTi4AoarOll16oKqAw5Ma8ooV0+NZn3M9dHbeSkPxBU4H/wy5ZMLLkgDSNq4g=="
    },
    "nodejs": {
      "version": "0.0.0",
      "resolved": "https://registry.npmjs.org/nodejs/-/nodejs-0.0.0.tgz",
      "integrity": "sha1-RyL6LhisTrc6Qq4W0B41hKErdTE="
    },
    "readline": {
      "version": "1.3.0",
      "resolved": "https://registry.npmjs.org/readline/-/readline-1.3.0.tgz",
      "integrity": "sha1-xYDXfvLPyHUrEySYBg3JeTp6wBw="
    }
  }
}
